
Microsoft Visual Studio Solution File, Format Version 12.00
# Visual Studio Version 16
VisualStudioVersion = 16.0.29519.181
MinimumVisualStudioVersion = 10.0.40219.1
Project("{9A19103F-16F7-4668-BE54-9A1E7A4F7556}") = "Accounts.Domain", "Accounts.Domain\Accounts.Domain.csproj", "{88F091DB-4EB6-4819-ADEC-333BA8153FF2}"
EndProject
Project("{9A19103F-16F7-4668-BE54-9A1E7A4F7556}") = "Accounts.Application", "Accounts.Application\Accounts.Application.csproj", "{FA98F256-8EED-491C-AB5B-A639A201E1C4}"
EndProject
Project("{9A19103F-16F7-4668-BE54-9A1E7A4F7556}") = "Accounts.Infrastructure", "Accounts.Infrastructure\Accounts.Infrastructure.csproj", "{5232AEC5-72AC-43A8-9D65-B012ACB86AD5}"
EndProject
Project("{9A19103F-16F7-4668-BE54-9A1E7A4F7556}") = "Accounts.ReadModel", "Accounts.ReadModel\Accounts.ReadModel.csproj", "{38AD0D37-5AAB-4703-87DB-A6B8F70C50D5}"
EndProject
Project("{9A19103F-16F7-4668-BE54-9A1E7A4F7556}") = "Accounts.Api", "Accounts.Api\Accounts.Api.csproj", "{894FABDF-17AD-4D58-867C-7B40783F19EC}"
EndProject
Project("{2150E333-8FDC-42A3-9474-1A3956D46DE8}") = "Source", "Source", "{C3C31333-53E5-4503-A71C-ABB0353C5EF1}"
EndProject
Project("{2150E333-8FDC-42A3-9474-1A3956D46DE8}") = "Tests", "Tests", "{A0EF5B1D-7D85-4B9F-9B52-DA69AEBC94BE}"
EndProject
Project("{9A19103F-16F7-4668-BE54-9A1E7A4F7556}") = "Accounts.Tests", "Accounts.Tests\Accounts.Tests.csproj", "{8A0E5972-FD4B-4521-A221-D99E32C6CD57}"
EndProject
Project("{9A19103F-16F7-4668-BE54-9A1E7A4F7556}") = "Accounts.SpecGenerator", "Accounts.SpecGenerator\Accounts.SpecGenerator.csproj", "{90F0695D-074E-42FE-8761-E53BD2D2369B}"
EndProject
Global
	GlobalSection(SolutionConfigurationPlatforms) = preSolution
		Debug|Any CPU = Debug|Any CPU
		Release|Any CPU = Release|Any CPU
	EndGlobalSection
	GlobalSection(ProjectConfigurationPlatforms) = postSolution
		{88F091DB-4EB6-4819-ADEC-333BA8153FF2}.Debug|Any CPU.ActiveCfg = Debug|Any CPU
		{88F091DB-4EB6-4819-ADEC-333BA8153FF2}.Debug|Any CPU.Build.0 = Debug|Any CPU
		{88F091DB-4EB6-4819-ADEC-333BA8153FF2}.Release|Any CPU.ActiveCfg = Release|Any CPU
		{88F091DB-4EB6-4819-ADEC-333BA8153FF2}.Release|Any CPU.Build.0 = Release|Any CPU
		{FA98F256-8EED-491C-AB5B-A639A201E1C4}.Debug|Any CPU.ActiveCfg = Debug|Any CPU
		{FA98F256-8EED-491C-AB5B-A639A201E1C4}.Debug|Any CPU.Build.0 = Debug|Any CPU
		{FA98F256-8EED-491C-AB5B-A639A201E1C4}.Release|Any CPU.ActiveCfg = Release|Any CPU
		{FA98F256-8EED-491C-AB5B-A639A201E1C4}.Release|Any CPU.Build.0 = Release|Any CPU
		{5232AEC5-72AC-43A8-9D65-B012ACB86AD5}.Debug|Any CPU.ActiveCfg = Debug|Any CPU
		{5232AEC5-72AC-43A8-9D65-B012ACB86AD5}.Debug|Any CPU.Build.0 = Debug|Any CPU
		{5232AEC5-72AC-43A8-9D65-B012ACB86AD5}.Release|Any CPU.ActiveCfg = Release|Any CPU
		{5232AEC5-72AC-43A8-9D65-B012ACB86AD5}.Release|Any CPU.Build.0 = Release|Any CPU
		{38AD0D37-5AAB-4703-87DB-A6B8F70C50D5}.Debug|Any CPU.ActiveCfg = Debug|Any CPU
		{38AD0D37-5AAB-4703-87DB-A6B8F70C50D5}.Debug|Any CPU.Build.0 = Debug|Any CPU
		{38AD0D37-5AAB-4703-87DB-A6B8F70C50D5}.Release|Any CPU.ActiveCfg = Release|Any CPU
		{38AD0D37-5AAB-4703-87DB-A6B8F70C50D5}.Release|Any CPU.Build.0 = Release|Any CPU
		{894FABDF-17AD-4D58-867C-7B40783F19EC}.Debug|Any CPU.ActiveCfg = Debug|Any CPU
		{894FABDF-17AD-4D58-867C-7B40783F19EC}.Debug|Any CPU.Build.0 = Debug|Any CPU
		{894FABDF-17AD-4D58-867C-7B40783F19EC}.Release|Any CPU.ActiveCfg = Release|Any CPU
		{894FABDF-17AD-4D58-867C-7B40783F19EC}.Release|Any CPU.Build.0 = Release|Any CPU
		{8A0E5972-FD4B-4521-A221-D99E32C6CD57}.Debug|Any CPU.ActiveCfg = Debug|Any CPU
		{8A0E5972-FD4B-4521-A221-D99E32C6CD57}.Debug|Any CPU.Build.0 = Debug|Any CPU
		{8A0E5972-FD4B-4521-A221-D99E32C6CD57}.Release|Any CPU.ActiveCfg = Release|Any CPU
		{8A0E5972-FD4B-4521-A221-D99E32C6CD57}.Release|Any CPU.Build.0 = Release|Any CPU
		{90F0695D-074E-42FE-8761-E53BD2D2369B}.Debug|Any CPU.ActiveCfg = Debug|Any CPU
		{90F0695D-074E-42FE-8761-E53BD2D2369B}.Debug|Any CPU.Build.0 = Debug|Any CPU
		{90F0695D-074E-42FE-8761-E53BD2D2369B}.Release|Any CPU.ActiveCfg = Release|Any CPU
		{90F0695D-074E-42FE-8761-E53BD2D2369B}.Release|Any CPU.Build.0 = Release|Any CPU
	EndGlobalSection
	GlobalSection(SolutionProperties) = preSolution
		HideSolutionNode = FALSE
	EndGlobalSection
	GlobalSection(NestedProjects) = preSolution
		{88F091DB-4EB6-4819-ADEC-333BA8153FF2} = {C3C31333-53E5-4503-A71C-ABB0353C5EF1}
		{FA98F256-8EED-491C-AB5B-A639A201E1C4} = {C3C31333-53E5-4503-A71C-ABB0353C5EF1}
		{5232AEC5-72AC-43A8-9D65-B012ACB86AD5} = {C3C31333-53E5-4503-A71C-ABB0353C5EF1}
		{38AD0D37-5AAB-4703-87DB-A6B8F70C50D5} = {C3C31333-53E5-4503-A71C-ABB0353C5EF1}
		{894FABDF-17AD-4D58-867C-7B40783F19EC} = {C3C31333-53E5-4503-A71C-ABB0353C5EF1}
		{8A0E5972-FD4B-4521-A221-D99E32C6CD57} = {A0EF5B1D-7D85-4B9F-9B52-DA69AEBC94BE}
		{90F0695D-074E-42FE-8761-E53BD2D2369B} = {A0EF5B1D-7D85-4B9F-9B52-DA69AEBC94BE}
	EndGlobalSection
	GlobalSection(ExtensibilityGlobals) = postSolution
		SolutionGuid = {A2F7E7F6-A701-4958-AF9A-5DBA1049CCFE}
	EndGlobalSection
EndGlobal
